github.com/blang/semver/v4 v4.0.0 h1:1PFHFE6yCCTv8C1TeyNNarDzntLi7wMI5i/pzqYIsAM=
github.com/blang/semver/v4 v4.0.0/go.mod h1:IbckMUScFkM3pff0VJDNKRiT6TG/YpiHIM2yvyW5YoQ=
github.com/davecgh/go-spew v1.1.1 h1:vj9j/u1bqnvCEfJOwUhtlOARqs3+rkHYY13jYWTU97c=
github.com/davecgh/go-spew v1.1.1/go.mod h1:J7Y8YcW2NihsgmVo/mv3lAwl/skON4iLHjSsI+c5H38=
github.com/deckarep/golang-set/v2 v2.9.0 h1:prva4eP9UysWagLyKrtn074ughi0NnkIf0A4M5yOCKI=
github.com/deckarep/golang-set/v2 v2.9.0/go.mod h1:EWknQXbs0mcFpat2QOoXV0Ee57cD+w6ZEN76BR2JVrM=
github.com/emirpasic/gods v1.18.1 h1:FXtiHYKDGKCW2KzwZKx0iC0PQmdlorYgdFG9jPXJ1Bc=
github.com/emirpasic/gods v1.18.1/go.mod h1:8tpGGwCnJ5H4r6BWwaV6OrWmMoPhUl5jm/FMNAnJvWQ=
github.com/go-openapi/jsonpointer v1.0.0 h1:kR9tHqY0CtZaOPVFm622dPVNhrvYpwr4uCxgL3h1H8s=
github.com/go-openapi/jsonpointer v1.0.0/go.mod h1:Z3rw7dWu1p9IgitXCFamSlA5lmDiklEB6vkaxcNZW5Y=
github.com/go-openapi/jsonreference v1.0.1 h1:4zJ7AmYDKNmD3aSpfPnFNCFA5E80/xMHUNKgydaLh38=
github.com/go-openapi/jsonreference v1.0.1/go.mod h1:dYplQXa6p5lXprLcJ8LE2iU7vNpXsAHDQ5ZAgL+Qx3A=
github.com/go-openapi/spec v0.22.11 h1:/ZW28n4PCghbBpwjmvoMeyCeDwd6pIe715Ov8T3kAaQ=
github.com/go-openapi/spec v0.22.11/go.mod h1:Ypu+u1KTejey7/QCr3j1ChdjwhGgXuklbH7l8+YP1J4=
github.com/go-openapi/swag/conv v0.29.1 h1:AC4Eh/5c/eUDOUCzzsRC9ghmFgOSBHeRMGIngY0ZUGA=
github.com/go-openapi/swag/conv v0.29.1/go.mod h1:S1X7/ZrBEZOC0Wc8AGxjbcGS92l3WEjA7aPtpl+RaqM=
github.com/go-openapi/swag/jsonutils v0.29.1 h1:AFCxs0eQZ24/QyfhVHM2t49rMz7Vv3XCsZQI6yrNy+c=
github.com/go-openapi/swag/jsonutils v0.29.1/go.mod h1:u3+sCfJpttDpcmS5kpm0yxL6GK0eWgODsx8Yw8fcqNM=
github.com/go-openapi/swag/jsonutils/fixtures_test v0.29.1 h1:BiiXE31Bx9SfpsMmOQj5KYpUhTZBpLVriVhJDuLuY2o=
github.com/go-openapi/swag/jsonutils/fixtures_test v0.29.1/go.mod h1:julgTUKZ9/D0j6O7GKajmRs+812FWxQg/mMpGunWSjg=
github.com/go-openapi/swag/loading v0.29.1 h1:FCv5fG8UhTdDJa2R7w+5O9Ekpcbw7tt0nFWvmDKGBjc=
github.com/go-openapi/swag/loading v0.29.1/go.mod h1:N0ESuem4p2oedKal8EJhciqnJ9Q9Wmt83L1CRB3Fouw=
github.com/go-openapi/swag/pools v0.29.1 h1:NRogYxdEW9SjRM4mkAOji9iefO4MRXq3p/ZJcoQbUKg=
github.com/go-openapi/swag/pools v0.29.1/go.mod h1:leDcaghjkRAhCuCRv9NfJU5f0mjoU3cT/XZObhMk3pc=
github.com/go-openapi/swag/stringutils v0.29.1 h1:1ykunK7iJQk1uOO7+oUH1ukbsK85fFCOiCFMOVSY+F0=
github.com/go-openapi/swag/stringutils v0.29.1/go.mod h1:7fSqZ+z8Qc0tOfAAK0jVa5qFGrnIlRi6n7NeGGrr1vc=
github.com/go-openapi/swag/typeutils v0.29.1 h1:Nzv9nhnlLCRBPQqfOX+7lB6Guju370or8StT+lIOf6M=
github.com/go-openapi/swag/typeutils v0.29.1/go.mod h1:hxpgDZJVBkBsi/d3MIUosafoFdE5exaQRmVp0zwu3YE=
github.com/go-openapi/swag/yamlutils v0.29.1 h1:69w3tsBajm7MR/fejLy7HD/3J68Ys1SeeZMEzZ3w2sk=
github.com/go-openapi/swag/yamlutils v0.29.1/go.mod h1:rgsp3vT/QdWzKwn43CigDwjOGIenPyTZMKnxEM8jZOA=
github.com/go-openapi/testify/enable/yaml/v2 v2.6.1 h1:Jm+/ze2rMtbD98yen92AhATGLGREDYXG56Xr4gMjEtE=
github.com/go-openapi/testify/enable/yaml/v2 v2.6.1/go.mod h1:YDPnwCRDu38/oJBVMBVXOUDiJ9cIeBHWvfImHaXqnv4=
github.com/go-openapi/testify/v2 v2.6.1 h1:6CNJhTjMzgaeaH8WhshcsZNPIvRemiOcFpU7seO/y7Q=
github.com/go-openapi/testify/v2 v2.6.1/go.mod h1:SgsVHtfooshd0tublTtJ50FPKhujf47YRqauXXOUxfw=
github.com/go-test/deep v1.1.0 h1:WOcxcdHcvdgThNXjw0t76K42FXTU7HpNQWHpA2HHNlg=
github.com/go-test/deep v1.1.0/go.mod h1:5C2ZWiW0ErCdrYzpqxLbTX7MG14M9iiw8DgHncVwcsE=
github.com/google/go-cmp v0.6.0 h1:ofyhxvXcZhMsU5ulbFiLKl/XBFqE1GSq7atu8tAmTRI=
github.com/google/go-cmp v0.6.0/go.mod h1:17dUlkBOakJ0+DkrSSNjCkIjxS6bF9zb3elmeNGIjoY=
github.com/google/uuid v1.3.0/go.mod h1:TIyPZe4MgqvfeYDBFedMoGGpEw/LqOeaOT+nhxU+yHo=
github.com/google/uuid v1.6.0 h1:NIvaJDMOsjHA8n1jAhLSgzrAzy1Hgr+hNrb57e+94F0=
github.com/google/uuid v1.6.0/go.mod h1:TIyPZe4MgqvfeYDBFedMoGGpEw/LqOeaOT+nhxU+yHo=
github.com/heimdalr/dag v1.5.1 h1:Oug6YdjFpQN1Itrc/deoIDqtWUk4FO96ulod23/TOr8=
github.com/heimdalr/dag v1.5.1/go.mod h1:lthekrHl01dddmzqyBQ1YZbi7XcVGGzjFo0jIky5knc=
github.com/iancoleman/strcase v0.3.0 h1:nTXanmYxhfFAMjZL34Ov6gkzEsSJZ5DbhxWjvSASxEI=
github.com/iancoleman/strcase v0.3.0/go.mod h1:iwCmte+B7n89clKwxIoIXy/HfoL7AsD47ZCWhYzw7ho=
github.com/pkg/errors v0.9.1 h1:FEBLx1zS214owpjy7qsBeixbURkuhQAwrK5UwLGTwt4=
github.com/pkg/errors v0.9.1/go.mod h1:bwawxfHBFNV+L2hUp1rHADufV3IMtnDRdf1r5NINEl0=
github.com/spf13/afero v1.15.0 h1:b/YBCLWAJdFWJTN9cLhiXXcD7mzKn9Dm86dNnfyQw1I=
github.com/spf13/afero v1.15.0/go.mod h1:NC2ByUVxtQs4b3sIUphxK0NioZnmxgyCrfzeuq8lxMg=
github.com/stretchr/testify v1.12.1 h1:EuwCh5fleGS7H32xRwO3wRGT7DxrDhLAT6FF8MpWDWE=
github.com/stretchr/testify v1.12.1/go.mod h1:MDEgiDPPsNp5cuIrHPPCyornHKgEVbtFUmoNlxoYthg=
go.mongodb.org/mongo-driver v1.17.7 h1:a9w+U3Vt67eYzcfq3k/OAv284/uUUkL0uP75VE5rCOU=
go.mongodb.org/mongo-driver v1.17.7/go.mod h1:Hy04i7O2kC4RS06ZrhPRqj/u4DTYkFDAAccj+rVKqgQ=
go.yaml.in/yaml/v3 v3.0.5 h1:N6y/pJk8buWs9NY5ERU2HSMfm+IuD/OtfdAnq6kESPw=
go.yaml.in/yaml/v3 v3.0.5/go.mod h1:HVTZu1O7/Vkt2N+BFy8Zza+lnLsABggaTM2ZpNIGuKg=
golang.org/x/text v0.28.0 h1:rhazDwis8INMIwQ4tpjLDzUhx6RlXqZNPEM0huQojng=
golang.org/x/text v0.28.0/go.mod h1:U8nCwOR8jO/marOQ0QbDiOngZVEBB7MAiitBuMjXiNU=
